
Microsoft Visual Studio Solution File, Format Version 12.00
# Visual Studio Version 16
VisualStudioVersion = 16.0.30907.101
MinimumVisualStudioVersion = 10.0.40219.1
Project("{FAE04EC0-301F-11D3-BF4B-00C04F79EFBC}") = "007YasHesaplama", "007YasHesaplama\007YasHesaplama.csproj", "{D16E25CA-87B9-45BE-8872-DFAE000950E1}"
EndProject
Global
	GlobalSection(SolutionConfigurationPlatforms) = preSolution
		Debug|Any CPU = Debug|Any CPU
		Release|Any CPU = Release|Any CPU
	EndGlobalSection
	GlobalSection(ProjectConfigurationPlatforms) = postSolution
		{D16E25CA-87B9-45BE-8872-DFAE000950E1}.Debug|Any CPU.ActiveCfg = Debug|Any CPU
		{D16E25CA-87B9-45BE-8872-DFAE000950E1}.Debug|Any CPU.Build.0 = Debug|Any CPU
		{D16E25CA-87B9-45BE-8872-DFAE000950E1}.Release|Any CPU.ActiveCfg = Release|Any CPU
		{D16E25CA-87B9-45BE-8872-DFAE000950E1}.Release|Any CPU.Build.0 = Release|Any CPU
	EndGlobalSection
	GlobalSection(SolutionProperties) = preSolution
		HideSolutionNode = FALSE
	EndGlobalSection
	GlobalSection(ExtensibilityGlobals) = postSolution
		SolutionGuid = {22DC3401-0C40-419B-A893-36163B820F04}
	EndGlobalSection
EndGlobal
